
Microsoft Visual Studio Solution File, Format Version 12.00
# Visual Studio Version 17
VisualStudioVersion = 17.14.36121.58
MinimumVisualStudioVersion = 10.0.40219.1
Project("{FAE04EC0-301F-11D3-BF4B-00C04F79EFBC}") = "GetBangumiInfo", "GetBangumiInfo\GetBangumiInfo.csproj", "{6EBB4F18-2CB8-4C6F-8A3D-AA58F38A4372}"
EndProject
Project("{FAE04EC0-301F-11D3-BF4B-00C04F79EFBC}") = "DanmakuUpdate", "DanmakuUpdate\DanmakuUpdate.csproj", "{C78F329C-9B38-60EF-7BBA-77AEE498583F}"
EndProject
Global
	GlobalSection(SolutionConfigurationPlatforms) = preSolution
		Debug|Any CPU = Debug|Any CPU
		Release|Any CPU = Release|Any CPU
	EndGlobalSection
	GlobalSection(ProjectConfigurationPlatforms) = postSolution
		{6EBB4F18-2CB8-4C6F-8A3D-AA58F38A4372}.Debug|Any CPU.ActiveCfg = Debug|Any CPU
		{6EBB4F18-2CB8-4C6F-8A3D-AA58F38A4372}.Debug|Any CPU.Build.0 = Debug|Any CPU
		{6EBB4F18-2CB8-4C6F-8A3D-AA58F38A4372}.Release|Any CPU.ActiveCfg = Release|Any CPU
		{6EBB4F18-2CB8-4C6F-8A3D-AA58F38A4372}.Release|Any CPU.Build.0 = Release|Any CPU
		{C78F329C-9B38-60EF-7BBA-77AEE498583F}.Debug|Any CPU.ActiveCfg = Debug|Any CPU
		{C78F329C-9B38-60EF-7BBA-77AEE498583F}.Debug|Any CPU.Build.0 = Debug|Any CPU
		{C78F329C-9B38-60EF-7BBA-77AEE498583F}.Release|Any CPU.ActiveCfg = Release|Any CPU
		{C78F329C-9B38-60EF-7BBA-77AEE498583F}.Release|Any CPU.Build.0 = Release|Any CPU
	EndGlobalSection
	GlobalSection(SolutionProperties) = preSolution
		HideSolutionNode = FALSE
	EndGlobalSection
	GlobalSection(ExtensibilityGlobals) = postSolution
		SolutionGuid = {65D7553B-6119-4602-B279-11142C7C3E57}
	EndGlobalSection
EndGlobal
